
Microsoft Visual Studio Solution File, Format Version 12.00
# Visual Studio 2012
Project("{FAE04EC0-301F-11D3-BF4B-00C04F79EFBC}") = "UserBehaviorCollection", "UserBehaviorCollection\UserBehaviorCollection.csproj", "{497B9CB9-187F-4429-8494-31F4C192599C}"
EndProject
Global
	GlobalSection(SolutionConfigurationPlatforms) = preSolution
		Debug|Any CPU = Debug|Any CPU
		Release|Any CPU = Release|Any CPU
	EndGlobalSection
	GlobalSection(ProjectConfigurationPlatforms) = postSolution
		{497B9CB9-187F-4429-8494-31F4C192599C}.Debug|Any CPU.ActiveCfg = Debug|Any CPU
		{497B9CB9-187F-4429-8494-31F4C192599C}.Debug|Any CPU.Build.0 = Debug|Any CPU
		{497B9CB9-187F-4429-8494-31F4C192599C}.Release|Any CPU.ActiveCfg = Release|Any CPU
		{497B9CB9-187F-4429-8494-31F4C192599C}.Release|Any CPU.Build.0 = Release|Any CPU
	EndGlobalSection
	GlobalSection(SolutionProperties) = preSolution
		HideSolutionNode = FALSE
	EndGlobalSection
EndGlobal
